
Microsoft Visual Studio Solution File, Format Version 12.00
# Visual Studio Version 16
VisualStudioVersion = 16.0.30413.136
MinimumVisualStudioVersion = 10.0.40219.1
Project("{FAE04EC0-301F-11D3-BF4B-00C04F79EFBC}") = "Znake", "Znake.csproj", "{14B46B31-25E6-4924-94AE-612E2B397728}"
EndProject
Global
	GlobalSection(SolutionConfigurationPlatforms) = preSolution
		Debug|Any CPU = Debug|Any CPU
		Release|Any CPU = Release|Any CPU
	EndGlobalSection
	GlobalSection(ProjectConfigurationPlatforms) = postSolution
		{14B46B31-25E6-4924-94AE-612E2B397728}.Debug|Any CPU.ActiveCfg = Debug|Any CPU
		{14B46B31-25E6-4924-94AE-612E2B397728}.Debug|Any CPU.Build.0 = Debug|Any CPU
		{14B46B31-25E6-4924-94AE-612E2B397728}.Release|Any CPU.ActiveCfg = Release|Any CPU
		{14B46B31-25E6-4924-94AE-612E2B397728}.Release|Any CPU.Build.0 = Release|Any CPU
	EndGlobalSection
	GlobalSection(SolutionProperties) = preSolution
		HideSolutionNode = FALSE
	EndGlobalSection
	GlobalSection(ExtensibilityGlobals) = postSolution
		SolutionGuid = {27A78ADE-CDDF-48AE-86C2-891C6BEB314A}
	EndGlobalSection
EndGlobal
